// !$*UTF8*$!
{
	archiveVersion = 1;
	classes = {
	};
	objectVersion = 56;
	objects = {

/* Begin PBXBuildFile section */
		9D009BB52B8369AC00508245 /* FeedViewController.swift in Sources */ = {isa = PBXBuildFile; fileRef = 9D009BB42B8369AC00508245 /* FeedViewController.swift */; };
		9D009BB72B836AE800508245 /* NotificationsViewController.swift in Sources */ = {isa = PBXBuildFile; fileRef = 9D009BB62B836AE800508245 /* NotificationsViewController.swift */; };
		9D009BBB2B836F6800508245 /* UserProfileViewController.swift in Sources */ = {isa = PBXBuildFile; fileRef = 9D009BBA2B836F6800508245 /* UserProfileViewController.swift */; };
		9D009BBD2B83747100508245 /* UIFont+Extension.swift in Sources */ = {isa = PBXBuildFile; fileRef = 9D009BBC2B83747100508245 /* UIFont+Extension.swift */; };
		9D009BC02B83769300508245 /* UIView+Extension.swift in Sources */ = {isa = PBXBuildFile; fileRef = 9D009BBF2B83769300508245 /* UIView+Extension.swift */; };
		9D009BC22B8376D700508245 /* NSLayoutConstraints+Extension.swift in Sources */ = {isa = PBXBuildFile; fileRef = 9D009BC12B8376D700508245 /* NSLayoutConstraints+Extension.swift */; };
		9D009BC42B8376F800508245 /* Array+Extension.swift in Sources */ = {isa = PBXBuildFile; fileRef = 9D009BC32B8376F800508245 /* Array+Extension.swift */; };
		9D009BC72B837CAE00508245 /* DancingScript-Bold.ttf in Resources */ = {isa = PBXBuildFile; fileRef = 9D009BC62B837CAE00508245 /* DancingScript-Bold.ttf */; };
		9D009BC92B8381EE00508245 /* StoriesCell.swift in Sources */ = {isa = PBXBuildFile; fileRef = 9D009BC82B8381EE00508245 /* StoriesCell.swift */; };
		9D009BCB2B8391DB00508245 /* StoryView.swift in Sources */ = {isa = PBXBuildFile; fileRef = 9D009BCA2B8391DB00508245 /* StoryView.swift */; };
		9D009BD02B83953900508245 /* AssetsImages.swift in Sources */ = {isa = PBXBuildFile; fileRef = 9D009BCF2B83953900508245 /* AssetsImages.swift */; };
		9D009BD22B8395B800508245 /* UIImage+Extension.swift in Sources */ = {isa = PBXBuildFile; fileRef = 9D009BD12B8395B800508245 /* UIImage+Extension.swift */; };
		9D009BD42B83992D00508245 /* CreateStoryView.swift in Sources */ = {isa = PBXBuildFile; fileRef = 9D009BD32B83992D00508245 /* CreateStoryView.swift */; };
		9D009BD62B83D92200508245 /* Post.swift in Sources */ = {isa = PBXBuildFile; fileRef = 9D009BD52B83D92200508245 /* Post.swift */; };
		9D009BDA2B83DAA900508245 /* DataProvider.swift in Sources */ = {isa = PBXBuildFile; fileRef = 9D009BD92B83DAA900508245 /* DataProvider.swift */; };
		9D009BDC2B83DC3D00508245 /* User.swift in Sources */ = {isa = PBXBuildFile; fileRef = 9D009BDB2B83DC3D00508245 /* User.swift */; };
		9D009BDF2B83DD4700508245 /* PostCell.swift in Sources */ = {isa = PBXBuildFile; fileRef = 9D009BDE2B83DD4700508245 /* PostCell.swift */; };
		9D009BE22B83DDE300508245 /* PostHeader.swift in Sources */ = {isa = PBXBuildFile; fileRef = 9D009BE12B83DDE300508245 /* PostHeader.swift */; };
		9D009BE42B83E1C800508245 /* PostBody.swift in Sources */ = {isa = PBXBuildFile; fileRef = 9D009BE32B83E1C800508245 /* PostBody.swift */; };
		9D3364FD2B8507AC0080AFC6 /* RecomendationsCell.swift in Sources */ = {isa = PBXBuildFile; fileRef = 9D3364FC2B8507AC0080AFC6 /* RecomendationsCell.swift */; };
		9D3364FF2B850ECC0080AFC6 /* Story.swift in Sources */ = {isa = PBXBuildFile; fileRef = 9D3364FE2B850ECC0080AFC6 /* Story.swift */; };
		9D3365012B850EDD0080AFC6 /* Recomendation.swift in Sources */ = {isa = PBXBuildFile; fileRef = 9D3365002B850EDD0080AFC6 /* Recomendation.swift */; };
		9D3365032B8549D90080AFC6 /* NotionCell.swift in Sources */ = {isa = PBXBuildFile; fileRef = 9D3365022B8549D90080AFC6 /* NotionCell.swift */; };
		9D3365062B854D580080AFC6 /* Notification.swift in Sources */ = {isa = PBXBuildFile; fileRef = 9D3365052B854D580080AFC6 /* Notification.swift */; };
		9D3365082B8555C20080AFC6 /* Notion.swift in Sources */ = {isa = PBXBuildFile; fileRef = 9D3365072B8555C20080AFC6 /* Notion.swift */; };
		9D33650A2B8555E80080AFC6 /* Subscription.swift in Sources */ = {isa = PBXBuildFile; fileRef = 9D3365092B8555E80080AFC6 /* Subscription.swift */; };
		9D33650D2B85CFAB0080AFC6 /* SubscriptionCell.swift in Sources */ = {isa = PBXBuildFile; fileRef = 9D33650C2B85CFAB0080AFC6 /* SubscriptionCell.swift */; };
		9D33650F2B85DC230080AFC6 /* HeaderView.swift in Sources */ = {isa = PBXBuildFile; fileRef = 9D33650E2B85DC230080AFC6 /* HeaderView.swift */; };
		9D4520B52B84024D00A22682 /* PostTextAndFooter.swift in Sources */ = {isa = PBXBuildFile; fileRef = 9D4520B42B84024D00A22682 /* PostTextAndFooter.swift */; };
		9D4520B92B85062200A22682 /* RecomendationView.swift in Sources */ = {isa = PBXBuildFile; fileRef = 9D4520B82B85062200A22682 /* RecomendationView.swift */; };
		9DC0B3802B72AB990096CD39 /* AppDelegate.swift in Sources */ = {isa = PBXBuildFile; fileRef = 9DC0B37F2B72AB990096CD39 /* AppDelegate.swift */; };
		9DC0B3822B72AB990096CD39 /* SceneDelegate.swift in Sources */ = {isa = PBXBuildFile; fileRef = 9DC0B3812B72AB990096CD39 /* SceneDelegate.swift */; };
		9DC0B3842B72AB990096CD39 /* RMLinkTabBarController.swift in Sources */ = {isa = PBXBuildFile; fileRef = 9DC0B3832B72AB990096CD39 /* RMLinkTabBarController.swift */; };
		9DC0B3892B72AB9A0096CD39 /* Assets.xcassets in Resources */ = {isa = PBXBuildFile; fileRef = 9DC0B3882B72AB9A0096CD39 /* Assets.xcassets */; };
		9DC0B38C2B72AB9A0096CD39 /* LaunchScreen.storyboard in Resources */ = {isa = PBXBuildFile; fileRef = 9DC0B38A2B72AB9A0096CD39 /* LaunchScreen.storyboard */; };
/* End PBXBuildFile section */

/* Begin PBXFileReference section */
		9D009BB42B8369AC00508245 /* FeedViewController.swift */ = {isa = PBXFileReference; lastKnownFileType = sourcecode.swift; path = FeedViewController.swift; sourceTree = "<group>"; };
		9D009BB62B836AE800508245 /* NotificationsViewController.swift */ = {isa = PBXFileReference; lastKnownFileType = sourcecode.swift; path = NotificationsViewController.swift; sourceTree = "<group>"; };
		9D009BBA2B836F6800508245 /* UserProfileViewController.swift */ = {isa = PBXFileReference; lastKnownFileType = sourcecode.swift; path = UserProfileViewController.swift; sourceTree = "<group>"; };
		9D009BBC2B83747100508245 /* UIFont+Extension.swift */ = {isa = PBXFileReference; lastKnownFileType = sourcecode.swift; path = "UIFont+Extension.swift"; sourceTree = "<group>"; };
		9D009BBF2B83769300508245 /* UIView+Extension.swift */ = {isa = PBXFileReference; lastKnownFileType = sourcecode.swift; path = "UIView+Extension.swift"; sourceTree = "<group>"; };
		9D009BC12B8376D700508245 /* NSLayoutConstraints+Extension.swift */ = {isa = PBXFileReference; lastKnownFileType = sourcecode.swift; path = "NSLayoutConstraints+Extension.swift"; sourceTree = "<group>"; };
		9D009BC32B8376F800508245 /* Array+Extension.swift */ = {isa = PBXFileReference; lastKnownFileType = sourcecode.swift; path = "Array+Extension.swift"; sourceTree = "<group>"; };
		9D009BC62B837CAE00508245 /* DancingScript-Bold.ttf */ = {isa = PBXFileReference; lastKnownFileType = file; path = "DancingScript-Bold.ttf"; sourceTree = "<group>"; };
		9D009BC82B8381EE00508245 /* StoriesCell.swift */ = {isa = PBXFileReference; lastKnownFileType = sourcecode.swift; path = StoriesCell.swift; sourceTree = "<group>"; };
		9D009BCA2B8391DB00508245 /* StoryView.swift */ = {isa = PBXFileReference; lastKnownFileType = sourcecode.swift; path = StoryView.swift; sourceTree = "<group>"; };
		9D009BCF2B83953900508245 /* AssetsImages.swift */ = {isa = PBXFileReference; lastKnownFileType = sourcecode.swift; path = AssetsImages.swift; sourceTree = "<group>"; };
		9D009BD12B8395B800508245 /* UIImage+Extension.swift */ = {isa = PBXFileReference; lastKnownFileType = sourcecode.swift; path = "UIImage+Extension.swift"; sourceTree = "<group>"; };
		9D009BD32B83992D00508245 /* CreateStoryView.swift */ = {isa = PBXFileReference; lastKnownFileType = sourcecode.swift; path = CreateStoryView.swift; sourceTree = "<group>"; };
		9D009BD52B83D92200508245 /* Post.swift */ = {isa = PBXFileReference; lastKnownFileType = sourcecode.swift; path = Post.swift; sourceTree = "<group>"; };
		9D009BD92B83DAA900508245 /* DataProvider.swift */ = {isa = PBXFileReference; lastKnownFileType = sourcecode.swift; path = DataProvider.swift; sourceTree = "<group>"; };
		9D009BDB2B83DC3D00508245 /* User.swift */ = {isa = PBXFileReference; lastKnownFileType = sourcecode.swift; path = User.swift; sourceTree = "<group>"; };
		9D009BDE2B83DD4700508245 /* PostCell.swift */ = {isa = PBXFileReference; lastKnownFileType = sourcecode.swift; path = PostCell.swift; sourceTree = "<group>"; };
		9D009BE12B83DDE300508245 /* PostHeader.swift */ = {isa = PBXFileReference; lastKnownFileType = sourcecode.swift; path = PostHeader.swift; sourceTree = "<group>"; };
		9D009BE32B83E1C800508245 /* PostBody.swift */ = {isa = PBXFileReference; lastKnownFileType = sourcecode.swift; path = PostBody.swift; sourceTree = "<group>"; };
		9D3364FC2B8507AC0080AFC6 /* RecomendationsCell.swift */ = {isa = PBXFileReference; lastKnownFileType = sourcecode.swift; path = RecomendationsCell.swift; sourceTree = "<group>"; };
		9D3364FE2B850ECC0080AFC6 /* Story.swift */ = {isa = PBXFileReference; lastKnownFileType = sourcecode.swift; path = Story.swift; sourceTree = "<group>"; };
		9D3365002B850EDD0080AFC6 /* Recomendation.swift */ = {isa = PBXFileReference; lastKnownFileType = sourcecode.swift; path = Recomendation.swift; sourceTree = "<group>"; };
		9D3365022B8549D90080AFC6 /* NotionCell.swift */ = {isa = PBXFileReference; lastKnownFileType = sourcecode.swift; path = NotionCell.swift; sourceTree = "<group>"; };
		9D3365052B854D580080AFC6 /* Notification.swift */ = {isa = PBXFileReference; lastKnownFileType = sourcecode.swift; path = Notification.swift; sourceTree = "<group>"; };
		9D3365072B8555C20080AFC6 /* Notion.swift */ = {isa = PBXFileReference; lastKnownFileType = sourcecode.swift; path = Notion.swift; sourceTree = "<group>"; };
		9D3365092B8555E80080AFC6 /* Subscription.swift */ = {isa = PBXFileReference; lastKnownFileType = sourcecode.swift; path = Subscription.swift; sourceTree = "<group>"; };
		9D33650C2B85CFAB0080AFC6 /* SubscriptionCell.swift */ = {isa = PBXFileReference; lastKnownFileType = sourcecode.swift; path = SubscriptionCell.swift; sourceTree = "<group>"; };
		9D33650E2B85DC230080AFC6 /* HeaderView.swift */ = {isa = PBXFileReference; lastKnownFileType = sourcecode.swift; path = HeaderView.swift; sourceTree = "<group>"; };
		9D4520B42B84024D00A22682 /* PostTextAndFooter.swift */ = {isa = PBXFileReference; lastKnownFileType = sourcecode.swift; path = PostTextAndFooter.swift; sourceTree = "<group>"; };
		9D4520B82B85062200A22682 /* RecomendationView.swift */ = {isa = PBXFileReference; lastKnownFileType = sourcecode.swift; path = RecomendationView.swift; sourceTree = "<group>"; };
		9DC0B37C2B72AB990096CD39 /* UIKit_DZ.app */ = {isa = PBXFileReference; explicitFileType = wrapper.application; includeInIndex = 0; path = UIKit_DZ.app; sourceTree = BUILT_PRODUCTS_DIR; };
		9DC0B37F2B72AB990096CD39 /* AppDelegate.swift */ = {isa = PBXFileReference; lastKnownFileType = sourcecode.swift; path = AppDelegate.swift; sourceTree = "<group>"; };
		9DC0B3812B72AB990096CD39 /* SceneDelegate.swift */ = {isa = PBXFileReference; lastKnownFileType = sourcecode.swift; path = SceneDelegate.swift; sourceTree = "<group>"; };
		9DC0B3832B72AB990096CD39 /* RMLinkTabBarController.swift */ = {isa = PBXFileReference; lastKnownFileType = sourcecode.swift; path = RMLinkTabBarController.swift; sourceTree = "<group>"; };
		9DC0B3882B72AB9A0096CD39 /* Assets.xcassets */ = {isa = PBXFileReference; lastKnownFileType = folder.assetcatalog; path = Assets.xcassets; sourceTree = "<group>"; };
		9DC0B38B2B72AB9A0096CD39 /* Base */ = {isa = PBXFileReference; lastKnownFileType = file.storyboard; name = Base; path = Base.lproj/LaunchScreen.storyboard; sourceTree = "<group>"; };
		9DC0B38D2B72AB9A0096CD39 /* Info.plist */ = {isa = PBXFileReference; lastKnownFileType = text.plist.xml; path = Info.plist; sourceTree = "<group>"; };
/* End PBXFileReference section */

/* Begin PBXFrameworksBuildPhase section */
		9DC0B3792B72AB990096CD39 /* Frameworks */ = {
			isa = PBXFrameworksBuildPhase;
			buildActionMask = 2147483647;
			files = (
			);
			runOnlyForDeploymentPostprocessing = 0;
		};
/* End PBXFrameworksBuildPhase section */

/* Begin PBXGroup section */
		9D009BB82B836D2C00508245 /* FeedScreen */ = {
			isa = PBXGroup;
			children = (
				9D009BB42B8369AC00508245 /* FeedViewController.swift */,
				9D009BCC2B8391E100508245 /* StoriesCell */,
				9D009BE02B83DD8100508245 /* PostCell */,
				9D4520BA2B85062400A22682 /* RecomendationsCell */,
			);
			path = FeedScreen;
			sourceTree = "<group>";
		};
		9D009BB92B836D3800508245 /* NotificationsScreen */ = {
			isa = PBXGroup;
			children = (
				9D009BB62B836AE800508245 /* NotificationsViewController.swift */,
				9D33650E2B85DC230080AFC6 /* HeaderView.swift */,
				9D3365022B8549D90080AFC6 /* NotionCell.swift */,
				9D33650C2B85CFAB0080AFC6 /* SubscriptionCell.swift */,
			);
			path = NotificationsScreen;
			sourceTree = "<group>";
		};
		9D009BBE2B83747700508245 /* Extensions */ = {
			isa = PBXGroup;
			children = (
				9D009BBC2B83747100508245 /* UIFont+Extension.swift */,
				9D009BBF2B83769300508245 /* UIView+Extension.swift */,
				9D009BC12B8376D700508245 /* NSLayoutConstraints+Extension.swift */,
				9D009BC32B8376F800508245 /* Array+Extension.swift */,
				9D009BCF2B83953900508245 /* AssetsImages.swift */,
				9D009BD12B8395B800508245 /* UIImage+Extension.swift */,
			);
			path = Extensions;
			sourceTree = "<group>";
		};
		9D009BC52B837BE800508245 /* Fonts */ = {
			isa = PBXGroup;
			children = (
				9D009BC62B837CAE00508245 /* DancingScript-Bold.ttf */,
			);
			path = Fonts;
			sourceTree = "<group>";
		};
		9D009BCC2B8391E100508245 /* StoriesCell */ = {
			isa = PBXGroup;
			children = (
				9D009BC82B8381EE00508245 /* StoriesCell.swift */,
				9D009BCA2B8391DB00508245 /* StoryView.swift */,
				9D009BD32B83992D00508245 /* CreateStoryView.swift */,
			);
			path = StoriesCell;
			sourceTree = "<group>";
		};
		9D009BDD2B83DD3000508245 /* Model */ = {
			isa = PBXGroup;
			children = (
				9D009BD92B83DAA900508245 /* DataProvider.swift */,
				9D33650B2B855CC80080AFC6 /* HelperStructures */,
			);
			path = Model;
			sourceTree = "<group>";
		};
		9D009BE02B83DD8100508245 /* PostCell */ = {
			isa = PBXGroup;
			children = (
				9D009BDE2B83DD4700508245 /* PostCell.swift */,
				9D009BE12B83DDE300508245 /* PostHeader.swift */,
				9D009BE32B83E1C800508245 /* PostBody.swift */,
				9D4520B42B84024D00A22682 /* PostTextAndFooter.swift */,
			);
			path = PostCell;
			sourceTree = "<group>";
		};
		9D33650B2B855CC80080AFC6 /* HelperStructures */ = {
			isa = PBXGroup;
			children = (
				9D009BDB2B83DC3D00508245 /* User.swift */,
				9D009BD52B83D92200508245 /* Post.swift */,
				9D3364FE2B850ECC0080AFC6 /* Story.swift */,
				9D3365002B850EDD0080AFC6 /* Recomendation.swift */,
				9D3365052B854D580080AFC6 /* Notification.swift */,
				9D3365072B8555C20080AFC6 /* Notion.swift */,
				9D3365092B8555E80080AFC6 /* Subscription.swift */,
			);
			path = HelperStructures;
			sourceTree = "<group>";
		};
		9D4520B62B84265000A22682 /* UserProfileScreen */ = {
			isa = PBXGroup;
			children = (
				9D009BBA2B836F6800508245 /* UserProfileViewController.swift */,
			);
			path = UserProfileScreen;
			sourceTree = "<group>";
		};
		9D4520BA2B85062400A22682 /* RecomendationsCell */ = {
			isa = PBXGroup;
			children = (
				9D3364FC2B8507AC0080AFC6 /* RecomendationsCell.swift */,
				9D4520B82B85062200A22682 /* RecomendationView.swift */,
			);
			path = RecomendationsCell;
			sourceTree = "<group>";
		};
		9DC0B3732B72AB990096CD39 = {
			isa = PBXGroup;
			children = (
				9DC0B37E2B72AB990096CD39 /* UIKit_DZ */,
				9D009BC52B837BE800508245 /* Fonts */,
				9DC0B37D2B72AB990096CD39 /* Products */,
			);
			sourceTree = "<group>";
		};
		9DC0B37D2B72AB990096CD39 /* Products */ = {
			isa = PBXGroup;
			children = (
				9DC0B37C2B72AB990096CD39 /* UIKit_DZ.app */,
			);
			name = Products;
			sourceTree = "<group>";
		};
		9DC0B37E2B72AB990096CD39 /* UIKit_DZ */ = {
			isa = PBXGroup;
			children = (
				9DC0B37F2B72AB990096CD39 /* AppDelegate.swift */,
				9DC0B3812B72AB990096CD39 /* SceneDelegate.swift */,
				9DC0B3832B72AB990096CD39 /* RMLinkTabBarController.swift */,
				9D009BB82B836D2C00508245 /* FeedScreen */,
				9D009BB92B836D3800508245 /* NotificationsScreen */,
				9D4520B62B84265000A22682 /* UserProfileScreen */,
				9D009BDD2B83DD3000508245 /* Model */,
				9D009BBE2B83747700508245 /* Extensions */,
				9DC0B3882B72AB9A0096CD39 /* Assets.xcassets */,
				9DC0B38A2B72AB9A0096CD39 /* LaunchScreen.storyboard */,
				9DC0B38D2B72AB9A0096CD39 /* Info.plist */,
			);
			path = UIKit_DZ;
			sourceTree = "<group>";
		};
/* End PBXGroup section */

/* Begin PBXNativeTarget section */
		9DC0B37B2B72AB990096CD39 /* UIKit_DZ */ = {
			isa = PBXNativeTarget;
			buildConfigurationList = 9DC0B3902B72AB9A0096CD39 /* Build configuration list for PBXNativeTarget "UIKit_DZ" */;
			buildPhases = (
				9DC0B3942B72AC1E0096CD39 /* SwiftFormat */,
				9DC0B3932B72AC130096CD39 /* SwiftLint */,
				9DC0B3782B72AB990096CD39 /* Sources */,
				9DC0B3792B72AB990096CD39 /* Frameworks */,
				9DC0B37A2B72AB990096CD39 /* Resources */,
			);
			buildRules = (
			);
			dependencies = (
			);
			name = UIKit_DZ;
			productName = UIKit_DZ;
			productReference = 9DC0B37C2B72AB990096CD39 /* UIKit_DZ.app */;
			productType = "com.apple.product-type.application";
		};
/* End PBXNativeTarget section */

/* Begin PBXProject section */
		9DC0B3742B72AB990096CD39 /* Project object */ = {
			isa = PBXProject;
			attributes = {
				BuildIndependentTargetsInParallel = 1;
				LastSwiftUpdateCheck = 1510;
				LastUpgradeCheck = 1510;
				TargetAttributes = {
					9DC0B37B2B72AB990096CD39 = {
						CreatedOnToolsVersion = 15.1;
					};
				};
			};
			buildConfigurationList = 9DC0B3772B72AB990096CD39 /* Build configuration list for PBXProject "UIKit_DZ" */;
			compatibilityVersion = "Xcode 14.0";
			developmentRegion = en;
			hasScannedForEncodings = 0;
			knownRegions = (
				en,
				Base,
			);
			mainGroup = 9DC0B3732B72AB990096CD39;
			productRefGroup = 9DC0B37D2B72AB990096CD39 /* Products */;
			projectDirPath = "";
			projectRoot = "";
			targets = (
				9DC0B37B2B72AB990096CD39 /* UIKit_DZ */,
			);
		};
/* End PBXProject section */

/* Begin PBXResourcesBuildPhase section */
		9DC0B37A2B72AB990096CD39 /* Resources */ = {
			isa = PBXResourcesBuildPhase;
			buildActionMask = 2147483647;
			files = (
				9D009BC72B837CAE00508245 /* DancingScript-Bold.ttf in Resources */,
				9DC0B38C2B72AB9A0096CD39 /* LaunchScreen.storyboard in Resources */,
				9DC0B3892B72AB9A0096CD39 /* Assets.xcassets in Resources */,
			);
			runOnlyForDeploymentPostprocessing = 0;
		};
/* End PBXResourcesBuildPhase section */

/* Begin PBXShellScriptBuildPhase section */
		9DC0B3932B72AC130096CD39 /* SwiftLint */ = {
			isa = PBXShellScriptBuildPhase;
			alwaysOutOfDate = 1;
			buildActionMask = 2147483647;
			files = (
			);
			inputFileListPaths = (
			);
			inputPaths = (
			);
			name = SwiftLint;
			outputFileListPaths = (
			);
			outputPaths = (
			);
			runOnlyForDeploymentPostprocessing = 0;
			shellPath = /bin/sh;
			shellScript = "if [[ \"$(uname -m)\" == arm64 ]]; then\n    export PATH=\"/opt/homebrew/bin:$PATH\"\nfi\n\nif which swiftlint > /dev/null; then\n  swiftlint\nelse\n  echo \"warning: SwiftLint not installed, download from https://github.com/realm/SwiftLint\"\n  exit 1\nfi\n";
		};
		9DC0B3942B72AC1E0096CD39 /* SwiftFormat */ = {
			isa = PBXShellScriptBuildPhase;
			alwaysOutOfDate = 1;
			buildActionMask = 2147483647;
			files = (
			);
			inputFileListPaths = (
			);
			inputPaths = (
			);
			name = SwiftFormat;
			outputFileListPaths = (
			);
			outputPaths = (
			);
			runOnlyForDeploymentPostprocessing = 0;
			shellPath = /bin/sh;
			shellScript = "if [[ \"$(uname -m)\" == arm64 ]]; then\n    export PATH=\"/opt/homebrew/bin:$PATH\"\nfi\n\nif which swiftformat > /dev/null; then\n  swiftformat .\nelse\n  echo \"warning: SwiftFormat not installed, download from https://github.com/nicklockwood/SwiftFormat\"\n  exit 1\nfi\n";
		};
/* End PBXShellScriptBuildPhase section */

/* Begin PBXSourcesBuildPhase section */
		9DC0B3782B72AB990096CD39 /* Sources */ = {
			isa = PBXSourcesBuildPhase;
			buildActionMask = 2147483647;
			files = (
				9D009BDA2B83DAA900508245 /* DataProvider.swift in Sources */,
				9D009BBD2B83747100508245 /* UIFont+Extension.swift in Sources */,
				9D009BC42B8376F800508245 /* Array+Extension.swift in Sources */,
				9D009BE42B83E1C800508245 /* PostBody.swift in Sources */,
				9D009BB72B836AE800508245 /* NotificationsViewController.swift in Sources */,
				9D33650D2B85CFAB0080AFC6 /* SubscriptionCell.swift in Sources */,
				9D009BD62B83D92200508245 /* Post.swift in Sources */,
				9D009BC02B83769300508245 /* UIView+Extension.swift in Sources */,
				9D009BDC2B83DC3D00508245 /* User.swift in Sources */,
				9D009BD42B83992D00508245 /* CreateStoryView.swift in Sources */,
				9D3364FF2B850ECC0080AFC6 /* Story.swift in Sources */,
				9D009BBB2B836F6800508245 /* UserProfileViewController.swift in Sources */,
				9D009BC92B8381EE00508245 /* StoriesCell.swift in Sources */,
				9D3365032B8549D90080AFC6 /* NotionCell.swift in Sources */,
				9D3365012B850EDD0080AFC6 /* Recomendation.swift in Sources */,
				9D33650F2B85DC230080AFC6 /* HeaderView.swift in Sources */,
				9D009BE22B83DDE300508245 /* PostHeader.swift in Sources */,
				9DC0B3842B72AB990096CD39 /* RMLinkTabBarController.swift in Sources */,
				9D4520B52B84024D00A22682 /* PostTextAndFooter.swift in Sources */,
				9D3364FD2B8507AC0080AFC6 /* RecomendationsCell.swift in Sources */,
				9D3365082B8555C20080AFC6 /* Notion.swift in Sources */,
				9DC0B3802B72AB990096CD39 /* AppDelegate.swift in Sources */,
				9D009BDF2B83DD4700508245 /* PostCell.swift in Sources */,
				9D3365062B854D580080AFC6 /* Notification.swift in Sources */,
				9D4520B92B85062200A22682 /* RecomendationView.swift in Sources */,
				9D009BCB2B8391DB00508245 /* StoryView.swift in Sources */,
				9D33650A2B8555E80080AFC6 /* Subscription.swift in Sources */,
				9D009BD02B83953900508245 /* AssetsImages.swift in Sources */,
				9D009BC22B8376D700508245 /* NSLayoutConstraints+Extension.swift in Sources */,
				9D009BD22B8395B800508245 /* UIImage+Extension.swift in Sources */,
				9D009BB52B8369AC00508245 /* FeedViewController.swift in Sources */,
				9DC0B3822B72AB990096CD39 /* SceneDelegate.swift in Sources */,
			);
			runOnlyForDeploymentPostprocessing = 0;
		};
/* End PBXSourcesBuildPhase section */

/* Begin PBXVariantGroup section */
		9DC0B38A2B72AB9A0096CD39 /* LaunchScreen.storyboard */ = {
			isa = PBXVariantGroup;
			children = (
				9DC0B38B2B72AB9A0096CD39 /* Base */,
			);
			name = LaunchScreen.storyboard;
			sourceTree = "<group>";
		};
/* End PBXVariantGroup section */

/* Begin XCBuildConfiguration section */
		9DC0B38E2B72AB9A0096CD39 /* Debug */ = {
			isa = XCBuildConfiguration;
			buildSettings = {
				ALWAYS_SEARCH_USER_PATHS = NO;
				ASSETCATALOG_COMPILER_GENERATE_SWIFT_ASSET_SYMBOL_EXTENSIONS = YES;
				CLANG_ANALYZER_NONNULL = YES;
				CLANG_ANALYZER_NUMBER_OBJECT_CONVERSION = YES_AGGRESSIVE;
				CLANG_CXX_LANGUAGE_STANDARD = "gnu++20";
				CLANG_ENABLE_MODULES = YES;
				CLANG_ENABLE_OBJC_ARC = YES;
				CLANG_ENABLE_OBJC_WEAK = YES;
				CLANG_WARN_BLOCK_CAPTURE_AUTORELEASING = YES;
				CLANG_WARN_BOOL_CONVERSION = YES;
				CLANG_WARN_COMMA = YES;
				CLANG_WARN_CONSTANT_CONVERSION = YES;
				CLANG_WARN_DEPRECATED_OBJC_IMPLEMENTATIONS = YES;
				CLANG_WARN_DIRECT_OBJC_ISA_USAGE = YES_ERROR;
				CLANG_WARN_DOCUMENTATION_COMMENTS = YES;
				CLANG_WARN_EMPTY_BODY = YES;
				CLANG_WARN_ENUM_CONVERSION = YES;
				CLANG_WARN_INFINITE_RECURSION = YES;
				CLANG_WARN_INT_CONVERSION = YES;
				CLANG_WARN_NON_LITERAL_NULL_CONVERSION = YES;
				CLANG_WARN_OBJC_IMPLICIT_RETAIN_SELF = YES;
				CLANG_WARN_OBJC_LITERAL_CONVERSION = YES;
				CLANG_WARN_OBJC_ROOT_CLASS = YES_ERROR;
				CLANG_WARN_QUOTED_INCLUDE_IN_FRAMEWORK_HEADER = YES;
				CLANG_WARN_RANGE_LOOP_ANALYSIS = YES;
				CLANG_WARN_STRICT_PROTOTYPES = YES;
				CLANG_WARN_SUSPICIOUS_MOVE = YES;
				CLANG_WARN_UNGUARDED_AVAILABILITY = YES_AGGRESSIVE;
				CLANG_WARN_UNREACHABLE_CODE = YES;
				CLANG_WARN__DUPLICATE_METHOD_MATCH = YES;
				COPY_PHASE_STRIP = NO;
				DEBUG_INFORMATION_FORMAT = dwarf;
				ENABLE_STRICT_OBJC_MSGSEND = YES;
				ENABLE_TESTABILITY = YES;
				ENABLE_USER_SCRIPT_SANDBOXING = NO;
				GCC_C_LANGUAGE_STANDARD = gnu17;
				GCC_DYNAMIC_NO_PIC = NO;
				GCC_NO_COMMON_BLOCKS = YES;
				GCC_OPTIMIZATION_LEVEL = 0;
				GCC_PREPROCESSOR_DEFINITIONS = (
					"DEBUG=1",
					"$(inherited)",
				);
				GCC_WARN_64_TO_32_BIT_CONVERSION = YES;
				GCC_WARN_ABOUT_RETURN_TYPE = YES_ERROR;
				GCC_WARN_UNDECLARED_SELECTOR = YES;
				GCC_WARN_UNINITIALIZED_AUTOS = YES_AGGRESSIVE;
				GCC_WARN_UNUSED_FUNCTION = YES;
				GCC_WARN_UNUSED_VARIABLE = YES;
				IPHONEOS_DEPLOYMENT_TARGET = 17.2;
				LOCALIZATION_PREFERS_STRING_CATALOGS = YES;
				MTL_ENABLE_DEBUG_INFO = INCLUDE_SOURCE;
				MTL_FAST_MATH = YES;
				ONLY_ACTIVE_ARCH = YES;
				SDKROOT = iphoneos;
				SWIFT_ACTIVE_COMPILATION_CONDITIONS = "DEBUG $(inherited)";
				SWIFT_OPTIMIZATION_LEVEL = "-Onone";
			};
			name = Debug;
		};
		9DC0B38F2B72AB9A0096CD39 /* Release */ = {
			isa = XCBuildConfiguration;
			buildSettings = {
				ALWAYS_SEARCH_USER_PATHS = NO;
				ASSETCATALOG_COMPILER_GENERATE_SWIFT_ASSET_SYMBOL_EXTENSIONS = YES;
				CLANG_ANALYZER_NONNULL = YES;
				CLANG_ANALYZER_NUMBER_OBJECT_CONVERSION = YES_AGGRESSIVE;
				CLANG_CXX_LANGUAGE_STANDARD = "gnu++20";
				CLANG_ENABLE_MODULES = YES;
				CLANG_ENABLE_OBJC_ARC = YES;
				CLANG_ENABLE_OBJC_WEAK = YES;
				CLANG_WARN_BLOCK_CAPTURE_AUTORELEASING = YES;
				CLANG_WARN_BOOL_CONVERSION = YES;
				CLANG_WARN_COMMA = YES;
				CLANG_WARN_CONSTANT_CONVERSION = YES;
				CLANG_WARN_DEPRECATED_OBJC_IMPLEMENTATIONS = YES;
				CLANG_WARN_DIRECT_OBJC_ISA_USAGE = YES_ERROR;
				CLANG_WARN_DOCUMENTATION_COMMENTS = YES;
				CLANG_WARN_EMPTY_BODY = YES;
				CLANG_WARN_ENUM_CONVERSION = YES;
				CLANG_WARN_INFINITE_RECURSION = YES;
				CLANG_WARN_INT_CONVERSION = YES;
				CLANG_WARN_NON_LITERAL_NULL_CONVERSION = YES;
				CLANG_WARN_OBJC_IMPLICIT_RETAIN_SELF = YES;
				CLANG_WARN_OBJC_LITERAL_CONVERSION = YES;
				CLANG_WARN_OBJC_ROOT_CLASS = YES_ERROR;
				CLANG_WARN_QUOTED_INCLUDE_IN_FRAMEWORK_HEADER = YES;
				CLANG_WARN_RANGE_LOOP_ANALYSIS = YES;
				CLANG_WARN_STRICT_PROTOTYPES = YES;
				CLANG_WARN_SUSPICIOUS_MOVE = YES;
				CLANG_WARN_UNGUARDED_AVAILABILITY = YES_AGGRESSIVE;
				CLANG_WARN_UNREACHABLE_CODE = YES;
				CLANG_WARN__DUPLICATE_METHOD_MATCH = YES;
				COPY_PHASE_STRIP = NO;
				DEBUG_INFORMATION_FORMAT = "dwarf-with-dsym";
				ENABLE_NS_ASSERTIONS = NO;
				ENABLE_STRICT_OBJC_MSGSEND = YES;
				ENABLE_USER_SCRIPT_SANDBOXING = NO;
				GCC_C_LANGUAGE_STANDARD = gnu17;
				GCC_NO_COMMON_BLOCKS = YES;
				GCC_WARN_64_TO_32_BIT_CONVERSION = YES;
				GCC_WARN_ABOUT_RETURN_TYPE = YES_ERROR;
				GCC_WARN_UNDECLARED_SELECTOR = YES;
				GCC_WARN_UNINITIALIZED_AUTOS = YES_AGGRESSIVE;
				GCC_WARN_UNUSED_FUNCTION = YES;
				GCC_WARN_UNUSED_VARIABLE = YES;
				IPHONEOS_DEPLOYMENT_TARGET = 17.2;
				LOCALIZATION_PREFERS_STRING_CATALOGS = YES;
				MTL_ENABLE_DEBUG_INFO = NO;
				MTL_FAST_MATH = YES;
				SDKROOT = iphoneos;
				SWIFT_COMPILATION_MODE = wholemodule;
				VALIDATE_PRODUCT = YES;
			};
			name = Release;
		};
		9DC0B3912B72AB9A0096CD39 /* Debug */ = {
			isa = XCBuildConfiguration;
			buildSettings = {
				ASSETCATALOG_COMPILER_APPICON_NAME = AppIcon;
				ASSETCATALOG_COMPILER_GLOBAL_ACCENT_COLOR_NAME = AccentColor;
				CODE_SIGN_STYLE = Automatic;
				CURRENT_PROJECT_VERSION = 1;
				DEVELOPMENT_TEAM = KV44Y72Q9R;
				GENERATE_INFOPLIST_FILE = YES;
				INFOPLIST_FILE = UIKit_DZ/Info.plist;
				INFOPLIST_KEY_UIApplicationSupportsIndirectInputEvents = YES;
				INFOPLIST_KEY_UILaunchStoryboardName = LaunchScreen;
				INFOPLIST_KEY_UISupportedInterfaceOrientations_iPad = "UIInterfaceOrientationPortrait UIInterfaceOrientationPortraitUpsideDown UIInterfaceOrientationLandscapeLeft UIInterfaceOrientationLandscapeRight";
				INFOPLIST_KEY_UISupportedInterfaceOrientations_iPhone = "UIInterfaceOrientationPortrait UIInterfaceOrientationLandscapeLeft UIInterfaceOrientationLandscapeRight";
				LD_RUNPATH_SEARCH_PATHS = (
					"$(inherited)",
					"@executable_path/Frameworks",
				);
				MARKETING_VERSION = 1.0;
				PRODUCT_BUNDLE_IDENTIFIER = "com.tixomark.UIKit-DZ";
				PRODUCT_NAME = "$(TARGET_NAME)";
				SWIFT_EMIT_LOC_STRINGS = YES;
				SWIFT_VERSION = 5.0;
				TARGETED_DEVICE_FAMILY = "1,2";
			};
			name = Debug;
		};
		9DC0B3922B72AB9A0096CD39 /* Release */ = {
			isa = XCBuildConfiguration;
			buildSettings = {
				ASSETCATALOG_COMPILER_APPICON_NAME = AppIcon;
				ASSETCATALOG_COMPILER_GLOBAL_ACCENT_COLOR_NAME = AccentColor;
				CODE_SIGN_STYLE = Automatic;
				CURRENT_PROJECT_VERSION = 1;
				DEVELOPMENT_TEAM = KV44Y72Q9R;
				GENERATE_INFOPLIST_FILE = YES;
				INFOPLIST_FILE = UIKit_DZ/Info.plist;
				INFOPLIST_KEY_UIApplicationSupportsIndirectInputEvents = YES;
				INFOPLIST_KEY_UILaunchStoryboardName = LaunchScreen;
				INFOPLIST_KEY_UISupportedInterfaceOrientations_iPad = "UIInterfaceOrientationPortrait UIInterfaceOrientationPortraitUpsideDown UIInterfaceOrientationLandscapeLeft UIInterfaceOrientationLandscapeRight";
				INFOPLIST_KEY_UISupportedInterfaceOrientations_iPhone = "UIInterfaceOrientationPortrait UIInterfaceOrientationLandscapeLeft UIInterfaceOrientationLandscapeRight";
				LD_RUNPATH_SEARCH_PATHS = (
					"$(inherited)",
					"@executable_path/Frameworks",
				);
				MARKETING_VERSION = 1.0;
				PRODUCT_BUNDLE_IDENTIFIER = "com.tixomark.UIKit-DZ";
				PRODUCT_NAME = "$(TARGET_NAME)";
				SWIFT_EMIT_LOC_STRINGS = YES;
				SWIFT_VERSION = 5.0;
				TARGETED_DEVICE_FAMILY = "1,2";
			};
			name = Release;
		};
/* End XCBuildConfiguration section */

/* Begin XCConfigurationList section */
		9DC0B3772B72AB990096CD39 /* Build configuration list for PBXProject "UIKit_DZ" */ = {
			isa = XCConfigurationList;
			buildConfigurations = (
				9DC0B38E2B72AB9A0096CD39 /* Debug */,
				9DC0B38F2B72AB9A0096CD39 /* Release */,
			);
			defaultConfigurationIsVisible = 0;
			defaultConfigurationName = Release;
		};
		9DC0B3902B72AB9A0096CD39 /* Build configuration list for PBXNativeTarget "UIKit_DZ" */ = {
			isa = XCConfigurationList;
			buildConfigurations = (
				9DC0B3912B72AB9A0096CD39 /* Debug */,
				9DC0B3922B72AB9A0096CD39 /* Release */,
			);
			defaultConfigurationIsVisible = 0;
			defaultConfigurationName = Release;
		};
/* End XCConfigurationList section */
	};
	rootObject = 9DC0B3742B72AB990096CD39 /* Project object */;
}
